
Microsoft Visual Studio Solution File, Format Version 12.00
# Visual Studio Version 16
VisualStudioVersion = 16.0.31112.23
MinimumVisualStudioVersion = 10.0.40219.1
Project("{9A19103F-16F7-4668-BE54-9A1E7A4F7556}") = "Game", "Game\Game.csproj", "{5B7E1AF9-202F-4AE7-8461-CFBA2B6772A9}"
EndProject
Project("{9A19103F-16F7-4668-BE54-9A1E7A4F7556}") = "Engine", "Engine\Engine.csproj", "{47F17E97-8442-46A5-8B34-4DF946A144BD}"
EndProject
Project("{9A19103F-16F7-4668-BE54-9A1E7A4F7556}") = "EngineTest", "Engine.Test\EngineTest.csproj", "{7B5939F1-7C33-44B9-873F-BBB6A78D9177}"
EndProject
Project("{9A19103F-16F7-4668-BE54-9A1E7A4F7556}") = "GameTest", "Game.Test\GameTest.csproj", "{24BB28AC-95B3-4A20-8B1B-91C9886B4931}"
EndProject
Project("{2150E333-8FDC-42A3-9474-1A3956D46DE8}") = "Solution Items", "Solution Items", "{C010241B-A95B-4CE4-B57F-CE78585F69EB}"
	ProjectSection(SolutionItems) = preProject
		.editorconfig = .editorconfig
	EndProjectSection
EndProject
Global
	GlobalSection(SolutionConfigurationPlatforms) = preSolution
		Debug|Any CPU = Debug|Any CPU
		Release|Any CPU = Release|Any CPU
	EndGlobalSection
	GlobalSection(ProjectConfigurationPlatforms) = postSolution
		{5B7E1AF9-202F-4AE7-8461-CFBA2B6772A9}.Debug|Any CPU.ActiveCfg = Debug|Any CPU
		{5B7E1AF9-202F-4AE7-8461-CFBA2B6772A9}.Debug|Any CPU.Build.0 = Debug|Any CPU
		{5B7E1AF9-202F-4AE7-8461-CFBA2B6772A9}.Release|Any CPU.ActiveCfg = Release|Any CPU
		{5B7E1AF9-202F-4AE7-8461-CFBA2B6772A9}.Release|Any CPU.Build.0 = Release|Any CPU
		{47F17E97-8442-46A5-8B34-4DF946A144BD}.Debug|Any CPU.ActiveCfg = Debug|Any CPU
		{47F17E97-8442-46A5-8B34-4DF946A144BD}.Debug|Any CPU.Build.0 = Debug|Any CPU
		{47F17E97-8442-46A5-8B34-4DF946A144BD}.Release|Any CPU.ActiveCfg = Release|Any CPU
		{47F17E97-8442-46A5-8B34-4DF946A144BD}.Release|Any CPU.Build.0 = Release|Any CPU
		{7B5939F1-7C33-44B9-873F-BBB6A78D9177}.Debug|Any CPU.ActiveCfg = Debug|Any CPU
		{7B5939F1-7C33-44B9-873F-BBB6A78D9177}.Debug|Any CPU.Build.0 = Debug|Any CPU
		{7B5939F1-7C33-44B9-873F-BBB6A78D9177}.Release|Any CPU.ActiveCfg = Release|Any CPU
		{7B5939F1-7C33-44B9-873F-BBB6A78D9177}.Release|Any CPU.Build.0 = Release|Any CPU
		{24BB28AC-95B3-4A20-8B1B-91C9886B4931}.Debug|Any CPU.ActiveCfg = Debug|Any CPU
		{24BB28AC-95B3-4A20-8B1B-91C9886B4931}.Debug|Any CPU.Build.0 = Debug|Any CPU
		{24BB28AC-95B3-4A20-8B1B-91C9886B4931}.Release|Any CPU.ActiveCfg = Release|Any CPU
		{24BB28AC-95B3-4A20-8B1B-91C9886B4931}.Release|Any CPU.Build.0 = Release|Any CPU
	EndGlobalSection
	GlobalSection(SolutionProperties) = preSolution
		HideSolutionNode = FALSE
	EndGlobalSection
	GlobalSection(ExtensibilityGlobals) = postSolution
		SolutionGuid = {E2A66C65-613F-4110-AC79-02E5056273FC}
	EndGlobalSection
EndGlobal
